// !$*UTF8*$!
{
	archiveVersion = 1;
	classes = {
	};
	objectVersion = 46;
	objects = {

/* Begin PBXBuildFile section */
		22D6100C73527884F1A38119 /* I_Am_PoorUITestsLaunchTests.swift in Sources */ = {isa = PBXBuildFile; fileRef = 22D61553C1F86BB11AFB7FA1 /* I_Am_PoorUITestsLaunchTests.swift */; };
		22D61054C85ED01931AB5E74 /* ViewController.swift in Sources */ = {isa = PBXBuildFile; fileRef = 22D61E4F27B5488BD0815226 /* ViewController.swift */; };
		22D6115DD2D81A5C309C871F /* I_Am_PoorUITests.swift in Sources */ = {isa = PBXBuildFile; fileRef = 22D61C9B9147D3702F4BB058 /* I_Am_PoorUITests.swift */; };
		22D612C2BF1AE7ACC9ADC4F4 /* AppDelegate.swift in Sources */ = {isa = PBXBuildFile; fileRef = 22D619A978D1F1CC9F7343AD /* AppDelegate.swift */; };
		22D617A736000D0237AEBC62 /* I_Am_PoorTests.swift in Sources */ = {isa = PBXBuildFile; fileRef = 22D616FD4E831CF8FD9DA456 /* I_Am_PoorTests.swift */; };
		22D61DD6E4FFCD2294C5C477 /* Assets.xcassets in Resources */ = {isa = PBXBuildFile; fileRef = 22D61D213E12966D487E3360 /* Assets.xcassets */; };
		22D61E99C0E20189E77F7CFD /* SceneDelegate.swift in Sources */ = {isa = PBXBuildFile; fileRef = 22D616ECFD794A28E0CC45AD /* SceneDelegate.swift */; };
		22D61EE804D0C564E39B30E1 /* Main.storyboard in Resources */ = {isa = PBXBuildFile; fileRef = 22D61B446CF93FACCFE14651 /* Main.storyboard */; };
		22D61F00EFB559FB594C14DE /* LaunchScreen.storyboard in Resources */ = {isa = PBXBuildFile; fileRef = 22D617CBB511483202D91348 /* LaunchScreen.storyboard */; };
/* End PBXBuildFile section */

/* Begin PBXContainerItemProxy section */
		22D6176573D35A34BD9AF297 /* PBXContainerItemProxy */ = {
			isa = PBXContainerItemProxy;
			containerPortal = 22D6173E1D7B9BD52B5B8873 /* Project object */;
			proxyType = 1;
			remoteGlobalIDString = 22D6137A962F670E5F54AF1A;
			remoteInfo = "I Am Poor";
		};
		22D61A3A4EAA0A3ABFFF431F /* PBXContainerItemProxy */ = {
			isa = PBXContainerItemProxy;
			containerPortal = 22D6173E1D7B9BD52B5B8873 /* Project object */;
			proxyType = 1;
			remoteGlobalIDString = 22D6137A962F670E5F54AF1A;
			remoteInfo = "I Am Poor";
		};
/* End PBXContainerItemProxy section */

/* Begin PBXFileReference section */
		22D610417429EB66EC3A1CCD /* Base */ = {isa = PBXFileReference; lastKnownFileType = file.storyboard; name = Base; path = Base.lproj/Main.storyboard; sourceTree = "<group>"; };
		22D613D30483BF378D809CF9 /* I Am PoorUITests.xctest */ = {isa = PBXFileReference; explicitFileType = wrapper.cfbundle; includeInIndex = 0; path = "I Am PoorUITests.xctest"; sourceTree = BUILT_PRODUCTS_DIR; };
		22D614AF1EEE64A53715FAFF /* Info.plist */ = {isa = PBXFileReference; lastKnownFileType = text.plist.info; path = Info.plist; sourceTree = "<group>"; };
		22D61553C1F86BB11AFB7FA1 /* I_Am_PoorUITestsLaunchTests.swift */ = {isa = PBXFileReference; lastKnownFileType = sourcecode.swift; path = I_Am_PoorUITestsLaunchTests.swift; sourceTree = "<group>"; };
		22D616ECFD794A28E0CC45AD /* SceneDelegate.swift */ = {isa = PBXFileReference; lastKnownFileType = sourcecode.swift; path = SceneDelegate.swift; sourceTree = "<group>"; };
		22D616FD4E831CF8FD9DA456 /* I_Am_PoorTests.swift */ = {isa = PBXFileReference; lastKnownFileType = sourcecode.swift; path = I_Am_PoorTests.swift; sourceTree = "<group>"; };
		22D618F7F8B5FC3BC1276BB4 /* I Am Poor.app */ = {isa = PBXFileReference; explicitFileType = wrapper.application; includeInIndex = 0; path = "I Am Poor.app"; sourceTree = BUILT_PRODUCTS_DIR; };
		22D619A978D1F1CC9F7343AD /* AppDelegate.swift */ = {isa = PBXFileReference; lastKnownFileType = sourcecode.swift; path = AppDelegate.swift; sourceTree = "<group>"; };
		22D61C9B9147D3702F4BB058 /* I_Am_PoorUITests.swift */ = {isa = PBXFileReference; lastKnownFileType = sourcecode.swift; path = I_Am_PoorUITests.swift; sourceTree = "<group>"; };
		22D61CD1F7A78C62E96D4D9A /* Base */ = {isa = PBXFileReference; lastKnownFileType = file.storyboard; name = Base; path = Base.lproj/LaunchScreen.storyboard; sourceTree = "<group>"; };
		22D61D213E12966D487E3360 /* Assets.xcassets */ = {isa = PBXFileReference; lastKnownFileType = folder.assetcatalog; path = Assets.xcassets; sourceTree = "<group>"; };
		22D61E4F27B5488BD0815226 /* ViewController.swift */ = {isa = PBXFileReference; lastKnownFileType = sourcecode.swift; path = ViewController.swift; sourceTree = "<group>"; };
		22D61FAF8EB990515BEA49BB /* I Am PoorTests.xctest */ = {isa = PBXFileReference; explicitFileType = wrapper.cfbundle; includeInIndex = 0; path = "I Am PoorTests.xctest"; sourceTree = BUILT_PRODUCTS_DIR; };
/* End PBXFileReference section */

/* Begin PBXFrameworksBuildPhase section */
		22D61AE300D4C60264EAADF1 /* Frameworks */ = {
			isa = PBXFrameworksBuildPhase;
			buildActionMask = 2147483647;
			files = (
			);
			runOnlyForDeploymentPostprocessing = 0;
		};
		22D61BC7D84BF769EFBC05E5 /* Frameworks */ = {
			isa = PBXFrameworksBuildPhase;
			buildActionMask = 2147483647;
			files = (
			);
			runOnlyForDeploymentPostprocessing = 0;
		};
		22D61F9450D7BE519754145F /* Frameworks */ = {
			isa = PBXFrameworksBuildPhase;
			buildActionMask = 2147483647;
			files = (
			);
			runOnlyForDeploymentPostprocessing = 0;
		};
/* End PBXFrameworksBuildPhase section */

/* Begin PBXGroup section */
		22D61275C5FE3ABE746E6F59 /* Products */ = {
			isa = PBXGroup;
			children = (
				22D618F7F8B5FC3BC1276BB4 /* I Am Poor.app */,
				22D61FAF8EB990515BEA49BB /* I Am PoorTests.xctest */,
				22D613D30483BF378D809CF9 /* I Am PoorUITests.xctest */,
			);
			name = Products;
			sourceTree = "<group>";
		};
		22D6149D6204C86EEDDAEF9D = {
			isa = PBXGroup;
			children = (
				22D61275C5FE3ABE746E6F59 /* Products */,
				22D618C90B80A6803DD862B4 /* I Am Poor */,
				22D61E02AB0EA899DD1F69D4 /* I Am PoorTests */,
				22D61CD55DA3820B1A14F2CE /* I Am PoorUITests */,
			);
			sourceTree = "<group>";
		};
		22D618C90B80A6803DD862B4 /* I Am Poor */ = {
			isa = PBXGroup;
			children = (
				22D61D213E12966D487E3360 /* Assets.xcassets */,
				22D619A978D1F1CC9F7343AD /* AppDelegate.swift */,
				22D617CBB511483202D91348 /* LaunchScreen.storyboard */,
				22D614AF1EEE64A53715FAFF /* Info.plist */,
				22D616ECFD794A28E0CC45AD /* SceneDelegate.swift */,
				22D61E4F27B5488BD0815226 /* ViewController.swift */,
				22D61B446CF93FACCFE14651 /* Main.storyboard */,
			);
			path = "I Am Poor";
			sourceTree = "<group>";
		};
		22D61CD55DA3820B1A14F2CE /* I Am PoorUITests */ = {
			isa = PBXGroup;
			children = (
				22D61C9B9147D3702F4BB058 /* I_Am_PoorUITests.swift */,
				22D61553C1F86BB11AFB7FA1 /* I_Am_PoorUITestsLaunchTests.swift */,
			);
			path = "I Am PoorUITests";
			sourceTree = "<group>";
		};
		22D61E02AB0EA899DD1F69D4 /* I Am PoorTests */ = {
			isa = PBXGroup;
			children = (
				22D616FD4E831CF8FD9DA456 /* I_Am_PoorTests.swift */,
			);
			path = "I Am PoorTests";
			sourceTree = "<group>";
		};
/* End PBXGroup section */

/* Begin PBXNativeTarget section */
		22D6137A962F670E5F54AF1A /* I Am Poor */ = {
			isa = PBXNativeTarget;
			buildConfigurationList = 22D61FE78EC25357738D2FA2 /* Build configuration list for PBXNativeTarget "I Am Poor" */;
			buildPhases = (
				22D61171DAC61448AE67A643 /* Sources */,
				22D61F9450D7BE519754145F /* Frameworks */,
				22D6184A304BA7E9A9A64273 /* Resources */,
			);
			buildRules = (
			);
			dependencies = (
			);
			name = "I Am Poor";
			productName = "I Am Poor";
			productReference = 22D618F7F8B5FC3BC1276BB4 /* I Am Poor.app */;
			productType = "com.apple.product-type.application";
		};
		22D61397A13D00F3E18D06CB /* I Am PoorTests */ = {
			isa = PBXNativeTarget;
			buildConfigurationList = 22D61E61441571D21781723C /* Build configuration list for PBXNativeTarget "I Am PoorTests" */;
			buildPhases = (
				22D610542B20DE32924DA0B1 /* Sources */,
				22D61AE300D4C60264EAADF1 /* Frameworks */,
				22D61C96D30454B685BDC8EA /* Resources */,
			);
			buildRules = (
			);
			dependencies = (
				22D61A732C76C46EB4CCD52E /* PBXTargetDependency */,
			);
			name = "I Am PoorTests";
			productName = "I Am PoorTests";
			productReference = 22D61FAF8EB990515BEA49BB /* I Am PoorTests.xctest */;
			productType = "com.apple.product-type.bundle.unit-test";
		};
		22D61E7BFE4FBF38A274CDF9 /* I Am PoorUITests */ = {
			isa = PBXNativeTarget;
			buildConfigurationList = 22D61B9139F739F80888661F /* Build configuration list for PBXNativeTarget "I Am PoorUITests" */;
			buildPhases = (
				22D615592C02F222E74AFFAA /* Sources */,
				22D61BC7D84BF769EFBC05E5 /* Frameworks */,
				22D61703376106AEE2A84872 /* Resources */,
			);
			buildRules = (
			);
			dependencies = (
				22D613B460FB2E14A3928866 /* PBXTargetDependency */,
			);
			name = "I Am PoorUITests";
			productName = "I Am PoorUITests";
			productReference = 22D613D30483BF378D809CF9 /* I Am PoorUITests.xctest */;
			productType = "com.apple.product-type.bundle.ui-testing";
		};
/* End PBXNativeTarget section */

/* Begin PBXProject section */
		22D6173E1D7B9BD52B5B8873 /* Project object */ = {
			isa = PBXProject;
			buildConfigurationList = 22D616A03E491AE077679F8C /* Build configuration list for PBXProject "I Am Poor" */;
			compatibilityVersion = "Xcode 3.2";
			developmentRegion = English;
			hasScannedForEncodings = 0;
			knownRegions = (
				en,
			);
			mainGroup = 22D6149D6204C86EEDDAEF9D;
			productRefGroup = 22D61275C5FE3ABE746E6F59 /* Products */;
			projectDirPath = "";
			projectRoot = "";
			targets = (
				22D6137A962F670E5F54AF1A /* I Am Poor */,
				22D61397A13D00F3E18D06CB /* I Am PoorTests */,
				22D61E7BFE4FBF38A274CDF9 /* I Am PoorUITests */,
			);
		};
/* End PBXProject section */

/* Begin PBXResourcesBuildPhase section */
		22D61703376106AEE2A84872 /* Resources */ = {
			isa = PBXResourcesBuildPhase;
			buildActionMask = 2147483647;
			files = (
			);
			runOnlyForDeploymentPostprocessing = 0;
		};
		22D6184A304BA7E9A9A64273 /* Resources */ = {
			isa = PBXResourcesBuildPhase;
			buildActionMask = 2147483647;
			files = (
				22D61DD6E4FFCD2294C5C477 /* Assets.xcassets in Resources */,
				22D61F00EFB559FB594C14DE /* LaunchScreen.storyboard in Resources */,
				22D61EE804D0C564E39B30E1 /* Main.storyboard in Resources */,
			);
			runOnlyForDeploymentPostprocessing = 0;
		};
		22D61C96D30454B685BDC8EA /* Resources */ = {
			isa = PBXResourcesBuildPhase;
			buildActionMask = 2147483647;
			files = (
			);
			runOnlyForDeploymentPostprocessing = 0;
		};
/* End PBXResourcesBuildPhase section */

/* Begin PBXSourcesBuildPhase section */
		22D610542B20DE32924DA0B1 /* Sources */ = {
			isa = PBXSourcesBuildPhase;
			buildActionMask = 2147483647;
			files = (
				22D617A736000D0237AEBC62 /* I_Am_PoorTests.swift in Sources */,
			);
			runOnlyForDeploymentPostprocessing = 0;
		};
		22D61171DAC61448AE67A643 /* Sources */ = {
			isa = PBXSourcesBuildPhase;
			buildActionMask = 2147483647;
			files = (
				22D612C2BF1AE7ACC9ADC4F4 /* AppDelegate.swift in Sources */,
				22D61E99C0E20189E77F7CFD /* SceneDelegate.swift in Sources */,
				22D61054C85ED01931AB5E74 /* ViewController.swift in Sources */,
			);
			runOnlyForDeploymentPostprocessing = 0;
		};
		22D615592C02F222E74AFFAA /* Sources */ = {
			isa = PBXSourcesBuildPhase;
			buildActionMask = 2147483647;
			files = (
				22D6115DD2D81A5C309C871F /* I_Am_PoorUITests.swift in Sources */,
				22D6100C73527884F1A38119 /* I_Am_PoorUITestsLaunchTests.swift in Sources */,
			);
			runOnlyForDeploymentPostprocessing = 0;
		};
/* End PBXSourcesBuildPhase section */

/* Begin PBXTargetDependency section */
		22D613B460FB2E14A3928866 /* PBXTargetDependency */ = {
			isa = PBXTargetDependency;
			target = 22D6137A962F670E5F54AF1A /* I Am Poor */;
			targetProxy = 22D61A3A4EAA0A3ABFFF431F /* PBXContainerItemProxy */;
		};
		22D61A732C76C46EB4CCD52E /* PBXTargetDependency */ = {
			isa = PBXTargetDependency;
			target = 22D6137A962F670E5F54AF1A /* I Am Poor */;
			targetProxy = 22D6176573D35A34BD9AF297 /* PBXContainerItemProxy */;
		};
/* End PBXTargetDependency section */

/* Begin PBXVariantGroup section */
		22D617CBB511483202D91348 /* LaunchScreen.storyboard */ = {
			isa = PBXVariantGroup;
			children = (
				22D61CD1F7A78C62E96D4D9A /* Base */,
			);
			name = LaunchScreen.storyboard;
			sourceTree = "<group>";
		};
		22D61B446CF93FACCFE14651 /* Main.storyboard */ = {
			isa = PBXVariantGroup;
			children = (
				22D610417429EB66EC3A1CCD /* Base */,
			);
			name = Main.storyboard;
			sourceTree = "<group>";
		};
/* End PBXVariantGroup section */

/* Begin XCBuildConfiguration section */
		22D610DE699B7F36BE6427B4 /* Release */ = {
			isa = XCBuildConfiguration;
			buildSettings = {
				ALWAYS_SEARCH_USER_PATHS = NO;
				CLANG_ANALYZER_NONNULL = YES;
				CLANG_ANALYZER_NUMBER_OBJECT_CONVERSION = YES_AGGRESSIVE;
				CLANG_CXX_LANGUAGE_STANDARD = "gnu++17";
				CLANG_ENABLE_MODULES = YES;
				CLANG_ENABLE_OBJC_ARC = YES;
				CLANG_ENABLE_OBJC_WEAK = YES;
				CLANG_WARN_BLOCK_CAPTURE_AUTORELEASING = YES;
				CLANG_WARN_BOOL_CONVERSION = YES;
				CLANG_WARN_COMMA = YES;
				CLANG_WARN_CONSTANT_CONVERSION = YES;
				CLANG_WARN_DEPRECATED_OBJC_IMPLEMENTATIONS = YES;
				CLANG_WARN_DIRECT_OBJC_ISA_USAGE = YES_ERROR;
				CLANG_WARN_DOCUMENTATION_COMMENTS = YES;
				CLANG_WARN_EMPTY_BODY = YES;
				CLANG_WARN_ENUM_CONVERSION = YES;
				CLANG_WARN_INFINITE_RECURSION = YES;
				CLANG_WARN_INT_CONVERSION = YES;
				CLANG_WARN_NON_LITERAL_NULL_CONVERSION = YES;
				CLANG_WARN_OBJC_IMPLICIT_RETAIN_SELF = YES;
				CLANG_WARN_OBJC_LITERAL_CONVERSION = YES;
				CLANG_WARN_OBJC_ROOT_CLASS = YES_ERROR;
				CLANG_WARN_QUOTED_INCLUDE_IN_FRAMEWORK_HEADER = YES;
				CLANG_WARN_RANGE_LOOP_ANALYSIS = YES;
				CLANG_WARN_STRICT_PROTOTYPES = YES;
				CLANG_WARN_SUSPICIOUS_MOVE = YES;
				CLANG_WARN_UNGUARDED_AVAILABILITY = YES_AGGRESSIVE;
				CLANG_WARN_UNREACHABLE_CODE = YES;
				CLANG_WARN__DUPLICATE_METHOD_MATCH = YES;
				COPY_PHASE_STRIP = NO;
				DEBUG_INFORMATION_FORMAT = "dwarf-with-dsym";
				ENABLE_NS_ASSERTIONS = NO;
				ENABLE_STRICT_OBJC_MSGSEND = YES;
				GCC_C_LANGUAGE_STANDARD = gnu11;
				GCC_NO_COMMON_BLOCKS = YES;
				GCC_WARN_64_TO_32_BIT_CONVERSION = YES;
				GCC_WARN_ABOUT_RETURN_TYPE = YES_ERROR;
				GCC_WARN_UNDECLARED_SELECTOR = YES;
				GCC_WARN_UNINITIALIZED_AUTOS = YES_AGGRESSIVE;
				GCC_WARN_UNUSED_FUNCTION = YES;
				GCC_WARN_UNUSED_VARIABLE = YES;
				IPHONEOS_DEPLOYMENT_TARGET = 15.5;
				MTL_ENABLE_DEBUG_INFO = NO;
				MTL_FAST_MATH = YES;
				SDKROOT = iphoneos;
				SWIFT_COMPILATION_MODE = wholemodule;
				SWIFT_OPTIMIZATION_LEVEL = "-O";
				VALIDATE_PRODUCT = YES;
			};
			name = Release;
		};
		22D61228F4D9E316FA879E58 /* Debug */ = {
			isa = XCBuildConfiguration;
			buildSettings = {
				ASSETCATALOG_COMPILER_APPICON_NAME = AppIcon;
				ASSETCATALOG_COMPILER_GLOBAL_ACCENT_COLOR_NAME = AccentColor;
				CURRENT_PROJECT_VERSION = 1;
				GENERATE_INFOPLIST_FILE = YES;
				INFOPLIST_FILE = "I Am Poor/Info.plist";
				INFOPLIST_KEY_UIApplicationSupportsIndirectInputEvents = YES;
				INFOPLIST_KEY_UILaunchStoryboardName = LaunchScreen;
				INFOPLIST_KEY_UIMainStoryboardFile = Main;
				INFOPLIST_KEY_UISupportedInterfaceOrientations_iPad = "UIInterfaceOrientationPortrait UIInterfaceOrientationPortraitUpsideDown UIInterfaceOrientationLandscapeLeft UIInterfaceOrientationLandscapeRight";
				INFOPLIST_KEY_UISupportedInterfaceOrientations_iPhone = "UIInterfaceOrientationPortrait UIInterfaceOrientationLandscapeLeft UIInterfaceOrientationLandscapeRight";
				LD_RUNPATH_SEARCH_PATHS = "$(inherited) @executable_path/Frameworks";
				MARKETING_VERSION = 1.0;
				PRODUCT_BUNDLE_IDENTIFIER = "com.certified.I-Am-Poor";
				PRODUCT_NAME = "$(TARGET_NAME)";
				SWIFT_EMIT_LOC_STRINGS = YES;
				SWIFT_VERSION = 5.0;
				TARGETED_DEVICE_FAMILY = "1,2";
			};
			name = Debug;
		};
		22D6126ACADB52BB1DC7C689 /* Release */ = {
			isa = XCBuildConfiguration;
			buildSettings = {
				BUNDLE_LOADER = "$(BUILT_PRODUCTS_DIR)/I Am Poor.app/I Am Poor";
				CURRENT_PROJECT_VERSION = 1;
				GENERATE_INFOPLIST_FILE = YES;
				MARKETING_VERSION = 1.0;
				PRODUCT_BUNDLE_IDENTIFIER = "com.certified.I-Am-PoorTests";
				PRODUCT_NAME = "$(TARGET_NAME)";
				SWIFT_EMIT_LOC_STRINGS = NO;
				SWIFT_VERSION = 5.0;
				TARGETED_DEVICE_FAMILY = "1,2";
				TEST_HOST = "$(BUNDLE_LOADER)";
			};
			name = Release;
		};
		22D6197E6E649BCA342F1BBB /* Debug */ = {
			isa = XCBuildConfiguration;
			buildSettings = {
				BUNDLE_LOADER = "$(BUILT_PRODUCTS_DIR)/I Am Poor.app/I Am Poor";
				CURRENT_PROJECT_VERSION = 1;
				GENERATE_INFOPLIST_FILE = YES;
				MARKETING_VERSION = 1.0;
				PRODUCT_BUNDLE_IDENTIFIER = "com.certified.I-Am-PoorTests";
				PRODUCT_NAME = "$(TARGET_NAME)";
				SWIFT_EMIT_LOC_STRINGS = NO;
				SWIFT_VERSION = 5.0;
				TARGETED_DEVICE_FAMILY = "1,2";
				TEST_HOST = "$(BUNDLE_LOADER)";
			};
			name = Debug;
		};
		22D61CDE6406E708CE8B6D31 /* Release */ = {
			isa = XCBuildConfiguration;
			buildSettings = {
				ASSETCATALOG_COMPILER_APPICON_NAME = AppIcon;
				ASSETCATALOG_COMPILER_GLOBAL_ACCENT_COLOR_NAME = AccentColor;
				CURRENT_PROJECT_VERSION = 1;
				GENERATE_INFOPLIST_FILE = YES;
				INFOPLIST_FILE = "I Am Poor/Info.plist";
				INFOPLIST_KEY_UIApplicationSupportsIndirectInputEvents = YES;
				INFOPLIST_KEY_UILaunchStoryboardName = LaunchScreen;
				INFOPLIST_KEY_UIMainStoryboardFile = Main;
				INFOPLIST_KEY_UISupportedInterfaceOrientations_iPad = "UIInterfaceOrientationPortrait UIInterfaceOrientationPortraitUpsideDown UIInterfaceOrientationLandscapeLeft UIInterfaceOrientationLandscapeRight";
				INFOPLIST_KEY_UISupportedInterfaceOrientations_iPhone = "UIInterfaceOrientationPortrait UIInterfaceOrientationLandscapeLeft UIInterfaceOrientationLandscapeRight";
				LD_RUNPATH_SEARCH_PATHS = "$(inherited) @executable_path/Frameworks";
				MARKETING_VERSION = 1.0;
				PRODUCT_BUNDLE_IDENTIFIER = "com.certified.I-Am-Poor";
				PRODUCT_NAME = "$(TARGET_NAME)";
				SWIFT_EMIT_LOC_STRINGS = YES;
				SWIFT_VERSION = 5.0;
				TARGETED_DEVICE_FAMILY = "1,2";
			};
			name = Release;
		};
		22D61DE873A42E67967AD412 /* Debug */ = {
			isa = XCBuildConfiguration;
			buildSettings = {
				CURRENT_PROJECT_VERSION = 1;
				GENERATE_INFOPLIST_FILE = YES;
				MARKETING_VERSION = 1.0;
				PRODUCT_BUNDLE_IDENTIFIER = "com.certified.I-Am-PoorUITests";
				PRODUCT_NAME = "$(TARGET_NAME)";
				SWIFT_EMIT_LOC_STRINGS = NO;
				SWIFT_VERSION = 5.0;
				TARGETED_DEVICE_FAMILY = "1,2";
				TEST_TARGET_NAME = "I Am Poor";
			};
			name = Debug;
		};
		22D61EEADAEACA2F6B99E48F /* Release */ = {
			isa = XCBuildConfiguration;
			buildSettings = {
				CURRENT_PROJECT_VERSION = 1;
				GENERATE_INFOPLIST_FILE = YES;
				MARKETING_VERSION = 1.0;
				PRODUCT_BUNDLE_IDENTIFIER = "com.certified.I-Am-PoorUITests";
				PRODUCT_NAME = "$(TARGET_NAME)";
				SWIFT_EMIT_LOC_STRINGS = NO;
				SWIFT_VERSION = 5.0;
				TARGETED_DEVICE_FAMILY = "1,2";
				TEST_TARGET_NAME = "I Am Poor";
			};
			name = Release;
		};
		22D61F2E2A534C20E0BD0B00 /* Debug */ = {
			isa = XCBuildConfiguration;
			buildSettings = {
				ALWAYS_SEARCH_USER_PATHS = NO;
				CLANG_ANALYZER_NONNULL = YES;
				CLANG_ANALYZER_NUMBER_OBJECT_CONVERSION = YES_AGGRESSIVE;
				CLANG_CXX_LANGUAGE_STANDARD = "gnu++17";
				CLANG_ENABLE_MODULES = YES;
				CLANG_ENABLE_OBJC_ARC = YES;
				CLANG_ENABLE_OBJC_WEAK = YES;
				CLANG_WARN_BLOCK_CAPTURE_AUTORELEASING = YES;
				CLANG_WARN_BOOL_CONVERSION = YES;
				CLANG_WARN_COMMA = YES;
				CLANG_WARN_CONSTANT_CONVERSION = YES;
				CLANG_WARN_DEPRECATED_OBJC_IMPLEMENTATIONS = YES;
				CLANG_WARN_DIRECT_OBJC_ISA_USAGE = YES_ERROR;
				CLANG_WARN_DOCUMENTATION_COMMENTS = YES;
				CLANG_WARN_EMPTY_BODY = YES;
				CLANG_WARN_ENUM_CONVERSION = YES;
				CLANG_WARN_INFINITE_RECURSION = YES;
				CLANG_WARN_INT_CONVERSION = YES;
				CLANG_WARN_NON_LITERAL_NULL_CONVERSION = YES;
				CLANG_WARN_OBJC_IMPLICIT_RETAIN_SELF = YES;
				CLANG_WARN_OBJC_LITERAL_CONVERSION = YES;
				CLANG_WARN_OBJC_ROOT_CLASS = YES_ERROR;
				CLANG_WARN_QUOTED_INCLUDE_IN_FRAMEWORK_HEADER = YES;
				CLANG_WARN_RANGE_LOOP_ANALYSIS = YES;
				CLANG_WARN_STRICT_PROTOTYPES = YES;
				CLANG_WARN_SUSPICIOUS_MOVE = YES;
				CLANG_WARN_UNGUARDED_AVAILABILITY = YES_AGGRESSIVE;
				CLANG_WARN_UNREACHABLE_CODE = YES;
				CLANG_WARN__DUPLICATE_METHOD_MATCH = YES;
				COPY_PHASE_STRIP = NO;
				DEBUG_INFORMATION_FORMAT = dwarf;
				ENABLE_STRICT_OBJC_MSGSEND = YES;
				ENABLE_TESTABILITY = YES;
				GCC_C_LANGUAGE_STANDARD = gnu11;
				GCC_DYNAMIC_NO_PIC = NO;
				GCC_NO_COMMON_BLOCKS = YES;
				GCC_OPTIMIZATION_LEVEL = 0;
				GCC_PREPROCESSOR_DEFINITIONS = (
					"DEBUG=1",
					"$(inherited)",
				);
				GCC_WARN_64_TO_32_BIT_CONVERSION = YES;
				GCC_WARN_ABOUT_RETURN_TYPE = YES_ERROR;
				GCC_WARN_UNDECLARED_SELECTOR = YES;
				GCC_WARN_UNINITIALIZED_AUTOS = YES_AGGRESSIVE;
				GCC_WARN_UNUSED_FUNCTION = YES;
				GCC_WARN_UNUSED_VARIABLE = YES;
				IPHONEOS_DEPLOYMENT_TARGET = 15.5;
				MTL_ENABLE_DEBUG_INFO = INCLUDE_SOURCE;
				MTL_FAST_MATH = YES;
				ONLY_ACTIVE_ARCH = YES;
				SDKROOT = iphoneos;
				SWIFT_ACTIVE_COMPILATION_CONDITIONS = DEBUG;
				SWIFT_OPTIMIZATION_LEVEL = "-Onone";
			};
			name = Debug;
		};
/* End XCBuildConfiguration section */

/* Begin XCConfigurationList section */
		22D616A03E491AE077679F8C /* Build configuration list for PBXProject "I Am Poor" */ = {
			isa = XCConfigurationList;
			buildConfigurations = (
				22D61F2E2A534C20E0BD0B00 /* Debug */,
				22D610DE699B7F36BE6427B4 /* Release */,
			);
			defaultConfigurationIsVisible = 0;
			defaultConfigurationName = Release;
		};
		22D61B9139F739F80888661F /* Build configuration list for PBXNativeTarget "I Am PoorUITests" */ = {
			isa = XCConfigurationList;
			buildConfigurations = (
				22D61DE873A42E67967AD412 /* Debug */,
				22D61EEADAEACA2F6B99E48F /* Release */,
			);
			defaultConfigurationIsVisible = 0;
		};
		22D61E61441571D21781723C /* Build configuration list for PBXNativeTarget "I Am PoorTests" */ = {
			isa = XCConfigurationList;
			buildConfigurations = (
				22D6197E6E649BCA342F1BBB /* Debug */,
				22D6126ACADB52BB1DC7C689 /* Release */,
			);
			defaultConfigurationIsVisible = 0;
		};
		22D61FE78EC25357738D2FA2 /* Build configuration list for PBXNativeTarget "I Am Poor" */ = {
			isa = XCConfigurationList;
			buildConfigurations = (
				22D61228F4D9E316FA879E58 /* Debug */,
				22D61CDE6406E708CE8B6D31 /* Release */,
			);
			defaultConfigurationIsVisible = 0;
		};
/* End XCConfigurationList section */
	};
	rootObject = 22D6173E1D7B9BD52B5B8873 /* Project object */;
}
